
Microsoft Visual Studio Solution File, Format Version 11.00
# Visual C# Express 2010
Project("{FAE04EC0-301F-11D3-BF4B-00C04F79EFBC}") = "uKeepIt", "uKeepIt\uKeepIt.csproj", "{530862F2-5FA4-401E-A6FA-88C91BC9C366}"
EndProject
Global
	GlobalSection(SolutionConfigurationPlatforms) = preSolution
		Debug|x86 = Debug|x86
		Release|x86 = Release|x86
	EndGlobalSection
	GlobalSection(ProjectConfigurationPlatforms) = postSolution
		{530862F2-5FA4-401E-A6FA-88C91BC9C366}.Debug|x86.ActiveCfg = Debug|x86
		{530862F2-5FA4-401E-A6FA-88C91BC9C366}.Debug|x86.Build.0 = Debug|x86
		{530862F2-5FA4-401E-A6FA-88C91BC9C366}.Release|x86.ActiveCfg = Release|x86
		{530862F2-5FA4-401E-A6FA-88C91BC9C366}.Release|x86.Build.0 = Release|x86
	EndGlobalSection
	GlobalSection(SolutionProperties) = preSolution
		HideSolutionNode = FALSE
	EndGlobalSection
EndGlobal
